
Microsoft Visual Studio Solution File, Format Version 12.00
# Visual Studio 14
VisualStudioVersion = 14.0.25420.1
MinimumVisualStudioVersion = 10.0.40219.1
Project("{FAE04EC0-301F-11D3-BF4B-00C04F79EFBC}") = "Automation_Code_Challenge_3_CSharp", "Automation_Code_Challenge_3_CSharp\Automation_Code_Challenge_3_CSharp.csproj", "{AC319F54-D7F5-4D7D-9DD0-FDD6E7C8CD05}"
EndProject
Global
	GlobalSection(SolutionConfigurationPlatforms) = preSolution
		Debug|Any CPU = Debug|Any CPU
		Release|Any CPU = Release|Any CPU
	EndGlobalSection
	GlobalSection(ProjectConfigurationPlatforms) = postSolution
		{AC319F54-D7F5-4D7D-9DD0-FDD6E7C8CD05}.Debug|Any CPU.ActiveCfg = Debug|Any CPU
		{AC319F54-D7F5-4D7D-9DD0-FDD6E7C8CD05}.Debug|Any CPU.Build.0 = Debug|Any CPU
		{AC319F54-D7F5-4D7D-9DD0-FDD6E7C8CD05}.Release|Any CPU.ActiveCfg = Release|Any CPU
		{AC319F54-D7F5-4D7D-9DD0-FDD6E7C8CD05}.Release|Any CPU.Build.0 = Release|Any CPU
	EndGlobalSection
	GlobalSection(SolutionProperties) = preSolution
		HideSolutionNode = FALSE
	EndGlobalSection
EndGlobal
